
Microsoft Visual Studio Solution File, Format Version 12.00
# Visual Studio Version 17
VisualStudioVersion = 17.11.35222.181
MinimumVisualStudioVersion = 10.0.40219.1
Project("{FAE04EC0-301F-11D3-BF4B-00C04F79EFBC}") = "DelayedShards", "DelayedShards\DelayedShards.csproj", "{D52237A3-AE60-450D-9524-43F66872C26D}"
EndProject
Global
	GlobalSection(SolutionConfigurationPlatforms) = preSolution
		Debug|Any CPU = Debug|Any CPU
		Release|Any CPU = Release|Any CPU
	EndGlobalSection
	GlobalSection(ProjectConfigurationPlatforms) = postSolution
		{D52237A3-AE60-450D-9524-43F66872C26D}.Debug|Any CPU.ActiveCfg = Debug|Any CPU
		{D52237A3-AE60-450D-9524-43F66872C26D}.Debug|Any CPU.Build.0 = Debug|Any CPU
		{D52237A3-AE60-450D-9524-43F66872C26D}.Release|Any CPU.ActiveCfg = Release|Any CPU
		{D52237A3-AE60-450D-9524-43F66872C26D}.Release|Any CPU.Build.0 = Release|Any CPU
	EndGlobalSection
	GlobalSection(SolutionProperties) = preSolution
		HideSolutionNode = FALSE
	EndGlobalSection
	GlobalSection(ExtensibilityGlobals) = postSolution
		SolutionGuid = {08BC767E-DE83-41E0-85C0-01B3169327C6}
	EndGlobalSection
EndGlobal
